// !$*UTF8*$!
{
	archiveVersion = 1;
	classes = {
	};
	objectVersion = 46;
	objects = {

/* Begin PBXBuildFile section */
		D2DF32371B0939F300957B6A /* main.m in Sources */ = {isa = PBXBuildFile; fileRef = D2DF32361B0939F300957B6A /* main.m */; };
		D2DF323A1B0939F300957B6A /* AppDelegate.m in Sources */ = {isa = PBXBuildFile; fileRef = D2DF32391B0939F300957B6A /* AppDelegate.m */; };
		D2DF323D1B0939F300957B6A /* ListViewController.m in Sources */ = {isa = PBXBuildFile; fileRef = D2DF323C1B0939F300957B6A /* ListViewController.m */; };
		D2DF32401B0939F300957B6A /* Main.storyboard in Resources */ = {isa = PBXBuildFile; fileRef = D2DF323E1B0939F300957B6A /* Main.storyboard */; };
		D2DF32421B0939F300957B6A /* Images.xcassets in Resources */ = {isa = PBXBuildFile; fileRef = D2DF32411B0939F300957B6A /* Images.xcassets */; };
		D2DF32451B0939F300957B6A /* LaunchScreen.xib in Resources */ = {isa = PBXBuildFile; fileRef = D2DF32431B0939F300957B6A /* LaunchScreen.xib */; };
		D2DF32511B0939F300957B6A /* Day_X2Tests.m in Sources */ = {isa = PBXBuildFile; fileRef = D2DF32501B0939F300957B6A /* Day_X2Tests.m */; };
		D2DF32741B099E4A00957B6A /* ListTableViewDataSource.m in Sources */ = {isa = PBXBuildFile; fileRef = D2DF32731B099E4A00957B6A /* ListTableViewDataSource.m */; };
		D2DF32771B09A3DD00957B6A /* DetailViewController.m in Sources */ = {isa = PBXBuildFile; fileRef = D2DF32761B09A3DD00957B6A /* DetailViewController.m */; };
/* End PBXBuildFile section */

/* Begin PBXContainerItemProxy section */
		D2DF324B1B0939F300957B6A /* PBXContainerItemProxy */ = {
			isa = PBXContainerItemProxy;
			containerPortal = D2DF32291B0939F300957B6A /* Project object */;
			proxyType = 1;
			remoteGlobalIDString = D2DF32301B0939F300957B6A;
			remoteInfo = "Day-X2";
		};
/* End PBXContainerItemProxy section */

/* Begin PBXFileReference section */
		D2DF32311B0939F300957B6A /* Day-X2.app */ = {isa = PBXFileReference; explicitFileType = wrapper.application; includeInIndex = 0; path = "Day-X2.app"; sourceTree = BUILT_PRODUCTS_DIR; };
		D2DF32351B0939F300957B6A /* Info.plist */ = {isa = PBXFileReference; lastKnownFileType = text.plist.xml; path = Info.plist; sourceTree = "<group>"; };
		D2DF32361B0939F300957B6A /* main.m */ = {isa = PBXFileReference; lastKnownFileType = sourcecode.c.objc; path = main.m; sourceTree = "<group>"; };
		D2DF32381B0939F300957B6A /* AppDelegate.h */ = {isa = PBXFileReference; lastKnownFileType = sourcecode.c.h; path = AppDelegate.h; sourceTree = "<group>"; };
		D2DF32391B0939F300957B6A /* AppDelegate.m */ = {isa = PBXFileReference; lastKnownFileType = sourcecode.c.objc; path = AppDelegate.m; sourceTree = "<group>"; };
		D2DF323B1B0939F300957B6A /* ListViewController.h */ = {isa = PBXFileReference; lastKnownFileType = sourcecode.c.h; path = ListViewController.h; sourceTree = "<group>"; };
		D2DF323C1B0939F300957B6A /* ListViewController.m */ = {isa = PBXFileReference; lastKnownFileType = sourcecode.c.objc; path = ListViewController.m; sourceTree = "<group>"; };
		D2DF323F1B0939F300957B6A /* Base */ = {isa = PBXFileReference; lastKnownFileType = file.storyboard; name = Base; path = Base.lproj/Main.storyboard; sourceTree = "<group>"; };
		D2DF32411B0939F300957B6A /* Images.xcassets */ = {isa = PBXFileReference; lastKnownFileType = folder.assetcatalog; path = Images.xcassets; sourceTree = "<group>"; };
		D2DF32441B0939F300957B6A /* Base */ = {isa = PBXFileReference; lastKnownFileType = file.xib; name = Base; path = Base.lproj/LaunchScreen.xib; sourceTree = "<group>"; };
		D2DF324A1B0939F300957B6A /* Day-X2Tests.xctest */ = {isa = PBXFileReference; explicitFileType = wrapper.cfbundle; includeInIndex = 0; path = "Day-X2Tests.xctest"; sourceTree = BUILT_PRODUCTS_DIR; };
		D2DF324F1B0939F300957B6A /* Info.plist */ = {isa = PBXFileReference; lastKnownFileType = text.plist.xml; path = Info.plist; sourceTree = "<group>"; };
		D2DF32501B0939F300957B6A /* Day_X2Tests.m */ = {isa = PBXFileReference; lastKnownFileType = sourcecode.c.objc; path = Day_X2Tests.m; sourceTree = "<group>"; };
		D2DF32721B099E4A00957B6A /* ListTableViewDataSource.h */ = {isa = PBXFileReference; fileEncoding = 4; lastKnownFileType = sourcecode.c.h; path = ListTableViewDataSource.h; sourceTree = "<group>"; };
		D2DF32731B099E4A00957B6A /* ListTableViewDataSource.m */ = {isa = PBXFileReference; fileEncoding = 4; lastKnownFileType = sourcecode.c.objc; path = ListTableViewDataSource.m; sourceTree = "<group>"; };
		D2DF32751B09A3DD00957B6A /* DetailViewController.h */ = {isa = PBXFileReference; fileEncoding = 4; lastKnownFileType = sourcecode.c.h; path = DetailViewController.h; sourceTree = "<group>"; };
		D2DF32761B09A3DD00957B6A /* DetailViewController.m */ = {isa = PBXFileReference; fileEncoding = 4; lastKnownFileType = sourcecode.c.objc; path = DetailViewController.m; sourceTree = "<group>"; };
/* End PBXFileReference section */

/* Begin PBXFrameworksBuildPhase section */
		D2DF322E1B0939F300957B6A /* Frameworks */ = {
			isa = PBXFrameworksBuildPhase;
			buildActionMask = 2147483647;
			files = (
			);
			runOnlyForDeploymentPostprocessing = 0;
		};
		D2DF32471B0939F300957B6A /* Frameworks */ = {
			isa = PBXFrameworksBuildPhase;
			buildActionMask = 2147483647;
			files = (
			);
			runOnlyForDeploymentPostprocessing = 0;
		};
/* End PBXFrameworksBuildPhase section */

/* Begin PBXGroup section */
		D2DF32281B0939F300957B6A = {
			isa = PBXGroup;
			children = (
				D2DF32331B0939F300957B6A /* Day-X2 */,
				D2DF324D1B0939F300957B6A /* Day-X2Tests */,
				D2DF32321B0939F300957B6A /* Products */,
			);
			sourceTree = "<group>";
		};
		D2DF32321B0939F300957B6A /* Products */ = {
			isa = PBXGroup;
			children = (
				D2DF32311B0939F300957B6A /* Day-X2.app */,
				D2DF324A1B0939F300957B6A /* Day-X2Tests.xctest */,
			);
			name = Products;
			sourceTree = "<group>";
		};
		D2DF32331B0939F300957B6A /* Day-X2 */ = {
			isa = PBXGroup;
			children = (
				D2DF32381B0939F300957B6A /* AppDelegate.h */,
				D2DF32391B0939F300957B6A /* AppDelegate.m */,
				D2DF323B1B0939F300957B6A /* ListViewController.h */,
				D2DF323C1B0939F300957B6A /* ListViewController.m */,
				D2DF32721B099E4A00957B6A /* ListTableViewDataSource.h */,
				D2DF32731B099E4A00957B6A /* ListTableViewDataSource.m */,
				D2DF32751B09A3DD00957B6A /* DetailViewController.h */,
				D2DF32761B09A3DD00957B6A /* DetailViewController.m */,
				D2DF323E1B0939F300957B6A /* Main.storyboard */,
				D2DF32411B0939F300957B6A /* Images.xcassets */,
				D2DF32431B0939F300957B6A /* LaunchScreen.xib */,
				D2DF32341B0939F300957B6A /* Supporting Files */,
			);
			path = "Day-X2";
			sourceTree = "<group>";
		};
		D2DF32341B0939F300957B6A /* Supporting Files */ = {
			isa = PBXGroup;
			children = (
				D2DF32351B0939F300957B6A /* Info.plist */,
				D2DF32361B0939F300957B6A /* main.m */,
			);
			name = "Supporting Files";
			sourceTree = "<group>";
		};
		D2DF324D1B0939F300957B6A /* Day-X2Tests */ = {
			isa = PBXGroup;
			children = (
				D2DF32501B0939F300957B6A /* Day_X2Tests.m */,
				D2DF324E1B0939F300957B6A /* Supporting Files */,
			);
			path = "Day-X2Tests";
			sourceTree = "<group>";
		};
		D2DF324E1B0939F300957B6A /* Supporting Files */ = {
			isa = PBXGroup;
			children = (
				D2DF324F1B0939F300957B6A /* Info.plist */,
			);
			name = "Supporting Files";
			sourceTree = "<group>";
		};
/* End PBXGroup section */

/* Begin PBXNativeTarget section */
		D2DF32301B0939F300957B6A /* Day-X2 */ = {
			isa = PBXNativeTarget;
			buildConfigurationList = D2DF32541B0939F300957B6A /* Build configuration list for PBXNativeTarget "Day-X2" */;
			buildPhases = (
				D2DF322D1B0939F300957B6A /* Sources */,
				D2DF322E1B0939F300957B6A /* Frameworks */,
				D2DF322F1B0939F300957B6A /* Resources */,
			);
			buildRules = (
			);
			dependencies = (
			);
			name = "Day-X2";
			productName = "Day-X2";
			productReference = D2DF32311B0939F300957B6A /* Day-X2.app */;
			productType = "com.apple.product-type.application";
		};
		D2DF32491B0939F300957B6A /* Day-X2Tests */ = {
			isa = PBXNativeTarget;
			buildConfigurationList = D2DF32571B0939F300957B6A /* Build configuration list for PBXNativeTarget "Day-X2Tests" */;
			buildPhases = (
				D2DF32461B0939F300957B6A /* Sources */,
				D2DF32471B0939F300957B6A /* Frameworks */,
				D2DF32481B0939F300957B6A /* Resources */,
			);
			buildRules = (
			);
			dependencies = (
				D2DF324C1B0939F300957B6A /* PBXTargetDependency */,
			);
			name = "Day-X2Tests";
			productName = "Day-X2Tests";
			productReference = D2DF324A1B0939F300957B6A /* Day-X2Tests.xctest */;
			productType = "com.apple.product-type.bundle.unit-test";
		};
/* End PBXNativeTarget section */

/* Begin PBXProject section */
		D2DF32291B0939F300957B6A /* Project object */ = {
			isa = PBXProject;
			attributes = {
				LastUpgradeCheck = 0620;
				ORGANIZATIONNAME = "jonathan thornburg";
				TargetAttributes = {
					D2DF32301B0939F300957B6A = {
						CreatedOnToolsVersion = 6.2;
					};
					D2DF32491B0939F300957B6A = {
						CreatedOnToolsVersion = 6.2;
						TestTargetID = D2DF32301B0939F300957B6A;
					};
				};
			};
			buildConfigurationList = D2DF322C1B0939F300957B6A /* Build configuration list for PBXProject "Day-X2" */;
			compatibilityVersion = "Xcode 3.2";
			developmentRegion = English;
			hasScannedForEncodings = 0;
			knownRegions = (
				en,
				Base,
			);
			mainGroup = D2DF32281B0939F300957B6A;
			productRefGroup = D2DF32321B0939F300957B6A /* Products */;
			projectDirPath = "";
			projectRoot = "";
			targets = (
				D2DF32301B0939F300957B6A /* Day-X2 */,
				D2DF32491B0939F300957B6A /* Day-X2Tests */,
			);
		};
/* End PBXProject section */

/* Begin PBXResourcesBuildPhase section */
		D2DF322F1B0939F300957B6A /* Resources */ = {
			isa = PBXResourcesBuildPhase;
			buildActionMask = 2147483647;
			files = (
				D2DF32401B0939F300957B6A /* Main.storyboard in Resources */,
				D2DF32451B0939F300957B6A /* LaunchScreen.xib in Resources */,
				D2DF32421B0939F300957B6A /* Images.xcassets in Resources */,
			);
			runOnlyForDeploymentPostprocessing = 0;
		};
		D2DF32481B0939F300957B6A /* Resources */ = {
			isa = PBXResourcesBuildPhase;
			buildActionMask = 2147483647;
			files = (
			);
			runOnlyForDeploymentPostprocessing = 0;
		};
/* End PBXResourcesBuildPhase section */

/* Begin PBXSourcesBuildPhase section */
		D2DF322D1B0939F300957B6A /* Sources */ = {
			isa = PBXSourcesBuildPhase;
			buildActionMask = 2147483647;
			files = (
				D2DF32771B09A3DD00957B6A /* DetailViewController.m in Sources */,
				D2DF323D1B0939F300957B6A /* ListViewController.m in Sources */,
				D2DF323A1B0939F300957B6A /* AppDelegate.m in Sources */,
				D2DF32741B099E4A00957B6A /* ListTableViewDataSource.m in Sources */,
				D2DF32371B0939F300957B6A /* main.m in Sources */,
			);
			runOnlyForDeploymentPostprocessing = 0;
		};
		D2DF32461B0939F300957B6A /* Sources */ = {
			isa = PBXSourcesBuildPhase;
			buildActionMask = 2147483647;
			files = (
				D2DF32511B0939F300957B6A /* Day_X2Tests.m in Sources */,
			);
			runOnlyForDeploymentPostprocessing = 0;
		};
/* End PBXSourcesBuildPhase section */

/* Begin PBXTargetDependency section */
		D2DF324C1B0939F300957B6A /* PBXTargetDependency */ = {
			isa = PBXTargetDependency;
			target = D2DF32301B0939F300957B6A /* Day-X2 */;
			targetProxy = D2DF324B1B0939F300957B6A /* PBXContainerItemProxy */;
		};
/* End PBXTargetDependency section */

/* Begin PBXVariantGroup section */
		D2DF323E1B0939F300957B6A /* Main.storyboard */ = {
			isa = PBXVariantGroup;
			children = (
				D2DF323F1B0939F300957B6A /* Base */,
			);
			name = Main.storyboard;
			sourceTree = "<group>";
		};
		D2DF32431B0939F300957B6A /* LaunchScreen.xib */ = {
			isa = PBXVariantGroup;
			children = (
				D2DF32441B0939F300957B6A /* Base */,
			);
			name = LaunchScreen.xib;
			sourceTree = "<group>";
		};
/* End PBXVariantGroup section */

/* Begin XCBuildConfiguration section */
		D2DF32521B0939F300957B6A /* Debug */ = {
			isa = XCBuildConfiguration;
			buildSettings = {
				ALWAYS_SEARCH_USER_PATHS = NO;
				CLANG_CXX_LANGUAGE_STANDARD = "gnu++0x";
				CLANG_CXX_LIBRARY = "libc++";
				CLANG_ENABLE_MODULES = YES;
				CLANG_ENABLE_OBJC_ARC = YES;
				CLANG_WARN_BOOL_CONVERSION = YES;
				CLANG_WARN_CONSTANT_CONVERSION = YES;
				CLANG_WARN_DIRECT_OBJC_ISA_USAGE = YES_ERROR;
				CLANG_WARN_EMPTY_BODY = YES;
				CLANG_WARN_ENUM_CONVERSION = YES;
				CLANG_WARN_INT_CONVERSION = YES;
				CLANG_WARN_OBJC_ROOT_CLASS = YES_ERROR;
				CLANG_WARN_UNREACHABLE_CODE = YES;
				CLANG_WARN__DUPLICATE_METHOD_MATCH = YES;
				"CODE_SIGN_IDENTITY[sdk=iphoneos*]" = "iPhone Developer";
				COPY_PHASE_STRIP = NO;
				ENABLE_STRICT_OBJC_MSGSEND = YES;
				GCC_C_LANGUAGE_STANDARD = gnu99;
				GCC_DYNAMIC_NO_PIC = NO;
				GCC_OPTIMIZATION_LEVEL = 0;
				GCC_PREPROCESSOR_DEFINITIONS = (
					"DEBUG=1",
					"$(inherited)",
				);
				GCC_SYMBOLS_PRIVATE_EXTERN = NO;
				GCC_WARN_64_TO_32_BIT_CONVERSION = YES;
				GCC_WARN_ABOUT_RETURN_TYPE = YES_ERROR;
				GCC_WARN_UNDECLARED_SELECTOR = YES;
				GCC_WARN_UNINITIALIZED_AUTOS = YES_AGGRESSIVE;
				GCC_WARN_UNUSED_FUNCTION = YES;
				GCC_WARN_UNUSED_VARIABLE = YES;
				IPHONEOS_DEPLOYMENT_TARGET = 8.2;
				MTL_ENABLE_DEBUG_INFO = YES;
				ONLY_ACTIVE_ARCH = YES;
				SDKROOT = iphoneos;
			};
			name = Debug;
		};
		D2DF32531B0939F300957B6A /* Release */ = {
			isa = XCBuildConfiguration;
			buildSettings = {
				ALWAYS_SEARCH_USER_PATHS = NO;
				CLANG_CXX_LANGUAGE_STANDARD = "gnu++0x";
				CLANG_CXX_LIBRARY = "libc++";
				CLANG_ENABLE_MODULES = YES;
				CLANG_ENABLE_OBJC_ARC = YES;
				CLANG_WARN_BOOL_CONVERSION = YES;
				CLANG_WARN_CONSTANT_CONVERSION = YES;
				CLANG_WARN_DIRECT_OBJC_ISA_USAGE = YES_ERROR;
				CLANG_WARN_EMPTY_BODY = YES;
				CLANG_WARN_ENUM_CONVERSION = YES;
				CLANG_WARN_INT_CONVERSION = YES;
				CLANG_WARN_OBJC_ROOT_CLASS = YES_ERROR;
				CLANG_WARN_UNREACHABLE_CODE = YES;
				CLANG_WARN__DUPLICATE_METHOD_MATCH = YES;
				"CODE_SIGN_IDENTITY[sdk=iphoneos*]" = "iPhone Developer";
				COPY_PHASE_STRIP = NO;
				ENABLE_NS_ASSERTIONS = NO;
				ENABLE_STRICT_OBJC_MSGSEND = YES;
				GCC_C_LANGUAGE_STANDARD = gnu99;
				GCC_WARN_64_TO_32_BIT_CONVERSION = YES;
				GCC_WARN_ABOUT_RETURN_TYPE = YES_ERROR;
				GCC_WARN_UNDECLARED_SELECTOR = YES;
				GCC_WARN_UNINITIALIZED_AUTOS = YES_AGGRESSIVE;
				GCC_WARN_UNUSED_FUNCTION = YES;
				GCC_WARN_UNUSED_VARIABLE = YES;
				IPHONEOS_DEPLOYMENT_TARGET = 8.2;
				MTL_ENABLE_DEBUG_INFO = NO;
				SDKROOT = iphoneos;
				VALIDATE_PRODUCT = YES;
			};
			name = Release;
		};
		D2DF32551B0939F300957B6A /* Debug */ = {
			isa = XCBuildConfiguration;
			buildSettings = {
				ASSETCATALOG_COMPILER_APPICON_NAME = AppIcon;
				INFOPLIST_FILE = "Day-X2/Info.plist";
				LD_RUNPATH_SEARCH_PATHS = "$(inherited) @executable_path/Frameworks";
				PRODUCT_NAME = "$(TARGET_NAME)";
			};
			name = Debug;
		};
		D2DF32561B0939F300957B6A /* Release */ = {
			isa = XCBuildConfiguration;
			buildSettings = {
				ASSETCATALOG_COMPILER_APPICON_NAME = AppIcon;
				INFOPLIST_FILE = "Day-X2/Info.plist";
				LD_RUNPATH_SEARCH_PATHS = "$(inherited) @executable_path/Frameworks";
				PRODUCT_NAME = "$(TARGET_NAME)";
			};
			name = Release;
		};
		D2DF32581B0939F300957B6A /* Debug */ = {
			isa = XCBuildConfiguration;
			buildSettings = {
				BUNDLE_LOADER = "$(TEST_HOST)";
				FRAMEWORK_SEARCH_PATHS = (
					"$(SDKROOT)/Developer/Library/Frameworks",
					"$(inherited)",
				);
				GCC_PREPROCESSOR_DEFINITIONS = (
					"DEBUG=1",
					"$(inherited)",
				);
				INFOPLIST_FILE = "Day-X2Tests/Info.plist";
				LD_RUNPATH_SEARCH_PATHS = "$(inherited) @executable_path/Frameworks @loader_path/Frameworks";
				PRODUCT_NAME = "$(TARGET_NAME)";
				TEST_HOST = "$(BUILT_PRODUCTS_DIR)/Day-X2.app/Day-X2";
			};
			name = Debug;
		};
		D2DF32591B0939F300957B6A /* Release */ = {
			isa = XCBuildConfiguration;
			buildSettings = {
				BUNDLE_LOADER = "$(TEST_HOST)";
				FRAMEWORK_SEARCH_PATHS = (
					"$(SDKROOT)/Developer/Library/Frameworks",
					"$(inherited)",
				);
				INFOPLIST_FILE = "Day-X2Tests/Info.plist";
				LD_RUNPATH_SEARCH_PATHS = "$(inherited) @executable_path/Frameworks @loader_path/Frameworks";
				PRODUCT_NAME = "$(TARGET_NAME)";
				TEST_HOST = "$(BUILT_PRODUCTS_DIR)/Day-X2.app/Day-X2";
			};
			name = Release;
		};
/* End XCBuildConfiguration section */

/* Begin XCConfigurationList section */
		D2DF322C1B0939F300957B6A /* Build configuration list for PBXProject "Day-X2" */ = {
			isa = XCConfigurationList;
			buildConfigurations = (
				D2DF32521B0939F300957B6A /* Debug */,
				D2DF32531B0939F300957B6A /* Release */,
			);
			defaultConfigurationIsVisible = 0;
			defaultConfigurationName = Release;
		};
		D2DF32541B0939F300957B6A /* Build configuration list for PBXNativeTarget "Day-X2" */ = {
			isa = XCConfigurationList;
			buildConfigurations = (
				D2DF32551B0939F300957B6A /* Debug */,
				D2DF32561B0939F300957B6A /* Release */,
			);
			defaultConfigurationIsVisible = 0;
			defaultConfigurationName = Release;
		};
		D2DF32571B0939F300957B6A /* Build configuration list for PBXNativeTarget "Day-X2Tests" */ = {
			isa = XCConfigurationList;
			buildConfigurations = (
				D2DF32581B0939F300957B6A /* Debug */,
				D2DF32591B0939F300957B6A /* Release */,
			);
			defaultConfigurationIsVisible = 0;
			defaultConfigurationName = Release;
		};
/* End XCConfigurationList section */
	};
	rootObject = D2DF32291B0939F300957B6A /* Project object */;
}
